# This file was autogenerated by Stack.
# You should not edit this file by hand.
# For more information, please see the documentation at:
#   https://docs.haskellstack.org/en/stable/lock_files

packages:
- completed:
    hackage: discord-haskell-1.8.5@sha256:56265067a27de25c8f372b3ecf3c282d7c1927503ba59a5b0a9d01fd81e268a0,3562
    pantry-tree:
      size: 2107
      sha256: 47930963df17ed0e1946b058b55c5b32c9b93d062124ed72d8fefac61e307cf5
  original:
    hackage: discord-haskell-1.8.5
- completed:
    hackage: emoji-0.1.0.2@sha256:d995572a5c7dcd28f98eb15c6e387a7b3bda1ac2477ab0d9dba8580d5d7b161f,1273
    pantry-tree:
      size: 437
      sha256: dd9ea90a631342e5db0fc21331ade4d563a685e9125d5a3989eefa8e1b96c6c6
  original:
    hackage: emoji-0.1.0.2
- completed:
    hackage: load-env-0.2.1.0@sha256:17628d397cf7ba6af9bf103c2c3592bb246e2ad58bd019cc5071c654887b1083,1866
    pantry-tree:
      size: 601
      sha256: 12947042909a99d32d10cb72865db781867f34c0bd28c430091c2b80db1f1109
  original:
    hackage: load-env-0.2.1.0
- completed:
    hackage: megaparsec-9.0.1@sha256:2244ab77521a52a0083966c5405b3151f149e1db50b1a5b104cd9b1e56617203,3248
    pantry-tree:
      size: 1447
      sha256: 0e2df0d318e48e352b3d766c46cdabc3abb5dcc3dfcb062bdd0a8d44f34a975c
  original:
    hackage: megaparsec-9.0.1
- completed:
    hackage: persistent-2.11.0.4@sha256:a55a9a30d663407d77e2ea0e65b1e29e3aa2ecf531d7d758ded31c415875e216,4735
    pantry-tree:
      size: 2099
      sha256: 0523f5ccae1ad92f3717e6fc8de7dae6907da00b08da3313a7afbc5c47b376e6
  original:
    hackage: persistent-2.11.0.4
- completed:
    hackage: persistent-sqlite-2.11.1.0@sha256:0455c3c23798f869a4409e23ddee62e0a6dc969faa0a6f8cc63c3744183b31a0,5141
    pantry-tree:
      size: 749
      sha256: 23904794186cc54b86e6b5cdd175830e52741d0e7bd8817f053f4e9445b5d9d4
  original:
    hackage: persistent-sqlite-2.11.1.0
- completed:
    hackage: persistent-template-2.9.1.0@sha256:1c83eeaadd43dd33ecd13caaf751d68d36bba2803eca05e5dd6b4e4d05b4d9d3,3008
    pantry-tree:
      size: 776
      sha256: 894d89bf298707914b97426568ad486d8a73e88bd3398aabba6fcdb8644f4973
  original:
    hackage: persistent-template-2.9.1.0@rev:2
- completed:
    hackage: esqueleto-3.4.1.1@sha256:b980d6c76cf288a84a32a0413d55b408357c5650a8ec2f4c2c5198574f9ed561,5869
    pantry-tree:
      size: 1542
      sha256: 7182cd5700a20bf8a153d531842f08b7c0f744943813d9b87d2065c301fe52ec
  original:
    hackage: esqueleto-3.4.1.1
snapshots:
- completed:
    size: 567037
    url: https://raw.githubusercontent.com/commercialhaskell/stackage-snapshots/master/lts/17/9.yaml
    sha256: d7d8d5106e53d1669964bd8bd2b0f88a5ad192d772f5376384b76738fd992311
  original:
    url: https://raw.githubusercontent.com/commercialhaskell/stackage-snapshots/master/lts/17/9.yaml
